Microsoft Visual Studio Solution File, Format Version 12.00
# Visual Studio Version 17
VisualStudioVersion = 17.5.2.0
MinimumVisualStudioVersion = 10.0.40219.1
Project("{FAE04EC0-301F-11D3-BF4B-00C04F79EFBC}") = "MisAsignaturas", "MisAsignaturas\MisAsignaturas.csproj", "{90D5EA44-B349-9B4C-A917-4D6A2E46D76E}"
EndProject
Global
	GlobalSection(SolutionConfigurationPlatforms) = preSolution
		Debug|Any CPU = Debug|Any CPU
		Release|Any CPU = Release|Any CPU
	EndGlobalSection
	GlobalSection(ProjectConfigurationPlatforms) = postSolution
		{90D5EA44-B349-9B4C-A917-4D6A2E46D76E}.Debug|Any CPU.ActiveCfg = Debug|Any CPU
		{90D5EA44-B349-9B4C-A917-4D6A2E46D76E}.Debug|Any CPU.Build.0 = Debug|Any CPU
		{90D5EA44-B349-9B4C-A917-4D6A2E46D76E}.Release|Any CPU.ActiveCfg = Release|Any CPU
		{90D5EA44-B349-9B4C-A917-4D6A2E46D76E}.Release|Any CPU.Build.0 = Release|Any CPU
	EndGlobalSection
	GlobalSection(SolutionProperties) = preSolution
		HideSolutionNode = FALSE
	EndGlobalSection
	GlobalSection(ExtensibilityGlobals) = postSolution
		SolutionGuid = {AB1BCACF-F053-488E-A34B-CC861FC17860}
	EndGlobalSection
EndGlobal
